
Microsoft Visual Studio Solution File, Format Version 12.00
# Visual Studio Version 17
VisualStudioVersion = 17.3.32825.248
MinimumVisualStudioVersion = 10.0.40219.1
Project("{2150E333-8FDC-42A3-9474-1A3956D46DE8}") = "Src", "Src", "{3B54F296-7F37-4247-9085-C4C0DAA7090E}"
EndProject
Project("{2150E333-8FDC-42A3-9474-1A3956D46DE8}") = "Building Blocks", "Building Blocks", "{77EC44BC-2DBF-4F87-8BA0-ED770AC7639E}"
EndProject
Project("{2150E333-8FDC-42A3-9474-1A3956D46DE8}") = "Services", "Services", "{2674118F-D217-49DF-BF00-844DB008BC9F}"
EndProject
Project("{2150E333-8FDC-42A3-9474-1A3956D46DE8}") = "Web", "Web", "{683F7341-4384-46CC-92AE-9AD0ECEDE09E}"
EndProject
Project("{2150E333-8FDC-42A3-9474-1A3956D46DE8}") = "Identidade", "Identidade", "{3592B5E5-CAE8-41A9-A616-B8090632D7D9}"
EndProject
Project("{9A19103F-16F7-4668-BE54-9A1E7A4F7556}") = "LoginSystem.Identidade.API", "src\services\LoginSystem.Identidade.API\LoginSystem.Identidade.API.csproj", "{93B853A6-9F95-417C-AE5A-5941A907F6ED}"
EndProject
Project("{9A19103F-16F7-4668-BE54-9A1E7A4F7556}") = "LoginSystem.Web.MVC", "src\web\LoginSystem.Web.MVC\LoginSystem.Web.MVC.csproj", "{45390A2C-730A-4DBA-AA23-0CF4478A19AA}"
EndProject
Project("{2150E333-8FDC-42A3-9474-1A3956D46DE8}") = "Utilizador", "Utilizador", "{9AA7A674-4122-4746-A30F-625A287AFF32}"
EndProject
Project("{9A19103F-16F7-4668-BE54-9A1E7A4F7556}") = "LoginSystem.Utilizador.API", "src\services\LoginSystem.Utilizador.API\LoginSystem.Utilizador.API.csproj", "{F27EC316-0809-48B9-96D7-1590FA117218}"
EndProject
Project("{2150E333-8FDC-42A3-9474-1A3956D46DE8}") = "Core", "Core", "{CFAAE34A-3662-4FE0-A497-D0E3D2FAD0F7}"
EndProject
Project("{9A19103F-16F7-4668-BE54-9A1E7A4F7556}") = "LoginSystem.Core", "src\building blocks\LoginSystem.Core\LoginSystem.Core.csproj", "{51C8231A-B9F6-449A-BDC3-33F6F889D99D}"
EndProject
Global
	GlobalSection(SolutionConfigurationPlatforms) = preSolution
		Debug|Any CPU = Debug|Any CPU
		Release|Any CPU = Release|Any CPU
	EndGlobalSection
	GlobalSection(ProjectConfigurationPlatforms) = postSolution
		{93B853A6-9F95-417C-AE5A-5941A907F6ED}.Debug|Any CPU.ActiveCfg = Debug|Any CPU
		{93B853A6-9F95-417C-AE5A-5941A907F6ED}.Debug|Any CPU.Build.0 = Debug|Any CPU
		{93B853A6-9F95-417C-AE5A-5941A907F6ED}.Release|Any CPU.ActiveCfg = Release|Any CPU
		{93B853A6-9F95-417C-AE5A-5941A907F6ED}.Release|Any CPU.Build.0 = Release|Any CPU
		{45390A2C-730A-4DBA-AA23-0CF4478A19AA}.Debug|Any CPU.ActiveCfg = Debug|Any CPU
		{45390A2C-730A-4DBA-AA23-0CF4478A19AA}.Debug|Any CPU.Build.0 = Debug|Any CPU
		{45390A2C-730A-4DBA-AA23-0CF4478A19AA}.Release|Any CPU.ActiveCfg = Release|Any CPU
		{45390A2C-730A-4DBA-AA23-0CF4478A19AA}.Release|Any CPU.Build.0 = Release|Any CPU
		{F27EC316-0809-48B9-96D7-1590FA117218}.Debug|Any CPU.ActiveCfg = Debug|Any CPU
		{F27EC316-0809-48B9-96D7-1590FA117218}.Debug|Any CPU.Build.0 = Debug|Any CPU
		{F27EC316-0809-48B9-96D7-1590FA117218}.Release|Any CPU.ActiveCfg = Release|Any CPU
		{F27EC316-0809-48B9-96D7-1590FA117218}.Release|Any CPU.Build.0 = Release|Any CPU
		{51C8231A-B9F6-449A-BDC3-33F6F889D99D}.Debug|Any CPU.ActiveCfg = Debug|Any CPU
		{51C8231A-B9F6-449A-BDC3-33F6F889D99D}.Debug|Any CPU.Build.0 = Debug|Any CPU
		{51C8231A-B9F6-449A-BDC3-33F6F889D99D}.Release|Any CPU.ActiveCfg = Release|Any CPU
		{51C8231A-B9F6-449A-BDC3-33F6F889D99D}.Release|Any CPU.Build.0 = Release|Any CPU
	EndGlobalSection
	GlobalSection(SolutionProperties) = preSolution
		HideSolutionNode = FALSE
	EndGlobalSection
	GlobalSection(NestedProjects) = preSolution
		{77EC44BC-2DBF-4F87-8BA0-ED770AC7639E} = {3B54F296-7F37-4247-9085-C4C0DAA7090E}
		{2674118F-D217-49DF-BF00-844DB008BC9F} = {3B54F296-7F37-4247-9085-C4C0DAA7090E}
		{683F7341-4384-46CC-92AE-9AD0ECEDE09E} = {3B54F296-7F37-4247-9085-C4C0DAA7090E}
		{3592B5E5-CAE8-41A9-A616-B8090632D7D9} = {2674118F-D217-49DF-BF00-844DB008BC9F}
		{93B853A6-9F95-417C-AE5A-5941A907F6ED} = {3592B5E5-CAE8-41A9-A616-B8090632D7D9}
		{45390A2C-730A-4DBA-AA23-0CF4478A19AA} = {683F7341-4384-46CC-92AE-9AD0ECEDE09E}
		{9AA7A674-4122-4746-A30F-625A287AFF32} = {2674118F-D217-49DF-BF00-844DB008BC9F}
		{F27EC316-0809-48B9-96D7-1590FA117218} = {9AA7A674-4122-4746-A30F-625A287AFF32}
		{CFAAE34A-3662-4FE0-A497-D0E3D2FAD0F7} = {77EC44BC-2DBF-4F87-8BA0-ED770AC7639E}
		{51C8231A-B9F6-449A-BDC3-33F6F889D99D} = {CFAAE34A-3662-4FE0-A497-D0E3D2FAD0F7}
	EndGlobalSection
	GlobalSection(ExtensibilityGlobals) = postSolution
		SolutionGuid = {D7BBF637-0A5F-4D82-9E39-154ABE479DE1}
	EndGlobalSection
EndGlobal
